
Microsoft Visual Studio Solution File, Format Version 12.00
# Visual Studio Version 16
VisualStudioVersion = 16.0.30114.105
MinimumVisualStudioVersion = 10.0.40219.1
Project("{FAE04EC0-301F-11D3-BF4B-00C04F79EFBC}") = "Assginment1_YiTan", "Assginment1_YiTan\Assginment1_YiTan.csproj", "{1DF19D09-86E5-4651-87D0-C051982ECE83}"
EndProject
Global
	GlobalSection(SolutionConfigurationPlatforms) = preSolution
		Debug|Any CPU = Debug|Any CPU
		Release|Any CPU = Release|Any CPU
	EndGlobalSection
	GlobalSection(ProjectConfigurationPlatforms) = postSolution
		{1DF19D09-86E5-4651-87D0-C051982ECE83}.Debug|Any CPU.ActiveCfg = Debug|Any CPU
		{1DF19D09-86E5-4651-87D0-C051982ECE83}.Debug|Any CPU.Build.0 = Debug|Any CPU
		{1DF19D09-86E5-4651-87D0-C051982ECE83}.Release|Any CPU.ActiveCfg = Release|Any CPU
		{1DF19D09-86E5-4651-87D0-C051982ECE83}.Release|Any CPU.Build.0 = Release|Any CPU
	EndGlobalSection
	GlobalSection(SolutionProperties) = preSolution
		HideSolutionNode = FALSE
	EndGlobalSection
	GlobalSection(ExtensibilityGlobals) = postSolution
		SolutionGuid = {36B25F4A-273B-478F-9994-0E93DC66E62C}
	EndGlobalSection
EndGlobal
